
Microsoft Visual Studio Solution File, Format Version 12.00
# Visual Studio 14
VisualStudioVersion = 14.0.22310.1
MinimumVisualStudioVersion = 10.0.40219.1
Project("{2150E333-8FDC-42A3-9474-1A3956D46DE8}") = "Engine", "Engine", "{C494C10C-0123-4BAC-B979-2A18C1F5B08A}"
EndProject
Project("{2150E333-8FDC-42A3-9474-1A3956D46DE8}") = "Games", "Games", "{81B83267-B8A5-40D2-9BC5-8BAC6A028713}"
EndProject
Project("{8BC9CEB8-8B4A-11D0-8D11-00A0C91BC942}") = "UE4", "Intermediate\ProjectFiles\UE4.vcxproj", "{F9C3D44A-0009-40CE-8D27-C1E9D528AE19}"
EndProject
Project("{8BC9CEB8-8B4A-11D0-8D11-00A0C91BC942}") = "prepro2", "Intermediate\ProjectFiles\prepro2.vcxproj", "{EA4CC28D-6357-4841-A30A-24D90039F30C}"
EndProject
Global
	GlobalSection(SolutionConfigurationPlatforms) = preSolution
		DebugGame Editor|Win32 = DebugGame Editor|Win32
		DebugGame Editor|Win64 = DebugGame Editor|Win64
		DebugGame|Win32 = DebugGame|Win32
		DebugGame|Win64 = DebugGame|Win64
		Development Editor|Win32 = Development Editor|Win32
		Development Editor|Win64 = Development Editor|Win64
		Development|Win32 = Development|Win32
		Development|Win64 = Development|Win64
		Shipping|Win32 = Shipping|Win32
		Shipping|Win64 = Shipping|Win64
	EndGlobalSection
	GlobalSection(ProjectConfigurationPlatforms) = postSolution
		{EA4CC28D-6357-4841-A30A-24D90039F30C}.DebugGame Editor|Win32.ActiveCfg = DebugGame_Editor|Win32
		{EA4CC28D-6357-4841-A30A-24D90039F30C}.DebugGame Editor|Win32.Build.0 = DebugGame_Editor|Win32
		{EA4CC28D-6357-4841-A30A-24D90039F30C}.DebugGame Editor|Win64.ActiveCfg = DebugGame_Editor|x64
		{EA4CC28D-6357-4841-A30A-24D90039F30C}.DebugGame Editor|Win64.Build.0 = DebugGame_Editor|x64
		{EA4CC28D-6357-4841-A30A-24D90039F30C}.DebugGame|Win32.ActiveCfg = DebugGame_Game|Win32
		{EA4CC28D-6357-4841-A30A-24D90039F30C}.DebugGame|Win32.Build.0 = DebugGame_Game|Win32
		{EA4CC28D-6357-4841-A30A-24D90039F30C}.DebugGame|Win64.ActiveCfg = DebugGame_Game|x64
		{EA4CC28D-6357-4841-A30A-24D90039F30C}.DebugGame|Win64.Build.0 = DebugGame_Game|x64
		{EA4CC28D-6357-4841-A30A-24D90039F30C}.Development Editor|Win32.ActiveCfg = Development_Editor|Win32
		{EA4CC28D-6357-4841-A30A-24D90039F30C}.Development Editor|Win32.Build.0 = Development_Editor|Win32
		{EA4CC28D-6357-4841-A30A-24D90039F30C}.Development Editor|Win64.ActiveCfg = Development_Editor|x64
		{EA4CC28D-6357-4841-A30A-24D90039F30C}.Development Editor|Win64.Build.0 = Development_Editor|x64
		{EA4CC28D-6357-4841-A30A-24D90039F30C}.Development|Win32.ActiveCfg = Development_Game|Win32
		{EA4CC28D-6357-4841-A30A-24D90039F30C}.Development|Win32.Build.0 = Development_Game|Win32
		{EA4CC28D-6357-4841-A30A-24D90039F30C}.Development|Win64.ActiveCfg = Development_Game|x64
		{EA4CC28D-6357-4841-A30A-24D90039F30C}.Development|Win64.Build.0 = Development_Game|x64
		{EA4CC28D-6357-4841-A30A-24D90039F30C}.Shipping|Win32.ActiveCfg = Shipping_Game|Win32
		{EA4CC28D-6357-4841-A30A-24D90039F30C}.Shipping|Win32.Build.0 = Shipping_Game|Win32
		{EA4CC28D-6357-4841-A30A-24D90039F30C}.Shipping|Win64.ActiveCfg = Shipping_Game|x64
		{EA4CC28D-6357-4841-A30A-24D90039F30C}.Shipping|Win64.Build.0 = Shipping_Game|x64
	EndGlobalSection
	GlobalSection(SolutionProperties) = preSolution
		HideSolutionNode = FALSE
	EndGlobalSection
	GlobalSection(NestedProjects) = preSolution
		{F9C3D44A-0009-40CE-8D27-C1E9D528AE19} = {C494C10C-0123-4BAC-B979-2A18C1F5B08A}
		{EA4CC28D-6357-4841-A30A-24D90039F30C} = {81B83267-B8A5-40D2-9BC5-8BAC6A028713}
	EndGlobalSection
EndGlobal
