
Microsoft Visual Studio Solution File, Format Version 12.00
# Visual Studio 2013
# UnrealEngineGeneratedSolutionVersion=1.0
Project("{2150E333-8FDC-42A3-9474-1A3956D46DE8}") = "Engine", "Engine", "{D8205650-7303-4BCE-821D-0FBD55ABCA27}"
EndProject
Project("{2150E333-8FDC-42A3-9474-1A3956D46DE8}") = "Games", "Games", "{0B395491-0531-441C-8D48-83012C5E5586}"
EndProject
Project("{8BC9CEB8-8B4A-11D0-8D11-00A0C91BC942}") = "UE4", "Intermediate\ProjectFiles\UE4.vcxproj", "{9456E91D-83FB-4200-BB15-B36856E9A140}"
EndProject
Project("{8BC9CEB8-8B4A-11D0-8D11-00A0C91BC942}") = "prepro2", "Intermediate\ProjectFiles\prepro2.vcxproj", "{7E098A6C-89F7-46B6-BAE8-4F19380CCF1F}"
EndProject
Global
	GlobalSection(SolutionConfigurationPlatforms) = preSolution
		DebugGame Editor|Win32 = DebugGame Editor|Win32
		DebugGame Editor|Win64 = DebugGame Editor|Win64
		DebugGame|Win32 = DebugGame|Win32
		DebugGame|Win64 = DebugGame|Win64
		Development Editor|Win32 = Development Editor|Win32
		Development Editor|Win64 = Development Editor|Win64
		Development|Win32 = Development|Win32
		Development|Win64 = Development|Win64
		Shipping|Win32 = Shipping|Win32
		Shipping|Win64 = Shipping|Win64
	EndGlobalSection
	GlobalSection(ProjectConfigurationPlatforms) = postSolution
		{7E098A6C-89F7-46B6-BAE8-4F19380CCF1F}.DebugGame Editor|Win32.ActiveCfg = DebugGame_Editor|Win32
		{7E098A6C-89F7-46B6-BAE8-4F19380CCF1F}.DebugGame Editor|Win32.Build.0 = DebugGame_Editor|Win32
		{7E098A6C-89F7-46B6-BAE8-4F19380CCF1F}.DebugGame Editor|Win64.ActiveCfg = DebugGame_Editor|x64
		{7E098A6C-89F7-46B6-BAE8-4F19380CCF1F}.DebugGame Editor|Win64.Build.0 = DebugGame_Editor|x64
		{7E098A6C-89F7-46B6-BAE8-4F19380CCF1F}.DebugGame|Win32.ActiveCfg = DebugGame_Game|Win32
		{7E098A6C-89F7-46B6-BAE8-4F19380CCF1F}.DebugGame|Win32.Build.0 = DebugGame_Game|Win32
		{7E098A6C-89F7-46B6-BAE8-4F19380CCF1F}.DebugGame|Win64.ActiveCfg = DebugGame_Game|x64
		{7E098A6C-89F7-46B6-BAE8-4F19380CCF1F}.DebugGame|Win64.Build.0 = DebugGame_Game|x64
		{7E098A6C-89F7-46B6-BAE8-4F19380CCF1F}.Development Editor|Win32.ActiveCfg = Development_Editor|Win32
		{7E098A6C-89F7-46B6-BAE8-4F19380CCF1F}.Development Editor|Win32.Build.0 = Development_Editor|Win32
		{7E098A6C-89F7-46B6-BAE8-4F19380CCF1F}.Development Editor|Win64.ActiveCfg = Development_Editor|x64
		{7E098A6C-89F7-46B6-BAE8-4F19380CCF1F}.Development Editor|Win64.Build.0 = Development_Editor|x64
		{7E098A6C-89F7-46B6-BAE8-4F19380CCF1F}.Development|Win32.ActiveCfg = Development_Game|Win32
		{7E098A6C-89F7-46B6-BAE8-4F19380CCF1F}.Development|Win32.Build.0 = Development_Game|Win32
		{7E098A6C-89F7-46B6-BAE8-4F19380CCF1F}.Development|Win64.ActiveCfg = Development_Game|x64
		{7E098A6C-89F7-46B6-BAE8-4F19380CCF1F}.Development|Win64.Build.0 = Development_Game|x64
		{7E098A6C-89F7-46B6-BAE8-4F19380CCF1F}.Shipping|Win32.ActiveCfg = Shipping_Game|Win32
		{7E098A6C-89F7-46B6-BAE8-4F19380CCF1F}.Shipping|Win32.Build.0 = Shipping_Game|Win32
		{7E098A6C-89F7-46B6-BAE8-4F19380CCF1F}.Shipping|Win64.ActiveCfg = Shipping_Game|x64
		{7E098A6C-89F7-46B6-BAE8-4F19380CCF1F}.Shipping|Win64.Build.0 = Shipping_Game|x64
	EndGlobalSection
	GlobalSection(SolutionProperties) = preSolution
		HideSolutionNode = FALSE
	EndGlobalSection
	GlobalSection(NestedProjects) = preSolution
		{9456E91D-83FB-4200-BB15-B36856E9A140} = {D8205650-7303-4BCE-821D-0FBD55ABCA27}
		{7E098A6C-89F7-46B6-BAE8-4F19380CCF1F} = {0B395491-0531-441C-8D48-83012C5E5586}
	EndGlobalSection
EndGlobal
