<?xml version="1.0" encoding="utf-8"?>

<Project ToolsVersion="12.0" xmlns="http://schemas.microsoft.com/developer/msbuild/2003">
	<ItemGroup>
		<None Include="..\..\StealthBomb.uproject" />
		<Filter Include="Source">
			<UniqueIdentifier>{C231DF43-1AC4-4B24-BC9F-F649166E789B}</UniqueIdentifier>
		</Filter>
		<None Include="..\..\Source\prepro2.Target.cs">
			<Filter>Source</Filter>
		</None >
		<None Include="..\..\Source\prepro2Editor.Target.cs">
			<Filter>Source</Filter>
		</None >
		<Filter Include="Config">
			<UniqueIdentifier>{2A4B37E4-2BE5-430C-8EBB-21A24F693C02}</UniqueIdentifier>
		</Filter>
		<None Include="..\..\Config\DefaultEditor.ini">
			<Filter>Config</Filter>
		</None >
		<None Include="..\..\Config\DefaultEditorPerProjectUserSettings.ini">
			<Filter>Config</Filter>
		</None >
		<None Include="..\..\Config\DefaultEngine.ini">
			<Filter>Config</Filter>
		</None >
		<None Include="..\..\Config\DefaultGame.ini">
			<Filter>Config</Filter>
		</None >
		<None Include="..\..\Config\DefaultInput.ini">
			<Filter>Config</Filter>
		</None >
		<Filter Include="Source\prepro2">
			<UniqueIdentifier>{4D34246A-2B79-4561-B70A-BD1EE80D636D}</UniqueIdentifier>
		</Filter>
		<ClCompile Include="..\..\Source\prepro2\DetonateBomb.cpp">
			<Filter>Source\prepro2</Filter>
		</ClCompile >
		<ClInclude Include="..\..\Source\prepro2\DetonateBomb.h">
			<Filter>Source\prepro2</Filter>
		</ClInclude >
		<ClCompile Include="..\..\Source\prepro2\Explosive.cpp">
			<Filter>Source\prepro2</Filter>
		</ClCompile >
		<ClInclude Include="..\..\Source\prepro2\Explosive.h">
			<Filter>Source\prepro2</Filter>
		</ClInclude >
		<None Include="..\..\Source\prepro2\prepro2.Build.cs">
			<Filter>Source\prepro2</Filter>
		</None >
		<ClCompile Include="..\..\Source\prepro2\prepro2.cpp">
			<Filter>Source\prepro2</Filter>
		</ClCompile >
		<ClInclude Include="..\..\Source\prepro2\prepro2.h">
			<Filter>Source\prepro2</Filter>
		</ClInclude >
		<ClCompile Include="..\..\Source\prepro2\prepro2Character.cpp">
			<Filter>Source\prepro2</Filter>
		</ClCompile >
		<ClInclude Include="..\..\Source\prepro2\prepro2Character.h">
			<Filter>Source\prepro2</Filter>
		</ClInclude >
		<ClCompile Include="..\..\Source\prepro2\prepro2GameMode.cpp">
			<Filter>Source\prepro2</Filter>
		</ClCompile >
		<ClInclude Include="..\..\Source\prepro2\prepro2GameMode.h">
			<Filter>Source\prepro2</Filter>
		</ClInclude >
		<ClCompile Include="..\..\Source\prepro2\prepro2HUD.cpp">
			<Filter>Source\prepro2</Filter>
		</ClCompile >
		<ClInclude Include="..\..\Source\prepro2\prepro2HUD.h">
			<Filter>Source\prepro2</Filter>
		</ClInclude >
		<ClCompile Include="..\..\Source\prepro2\prepro2Projectile.cpp">
			<Filter>Source\prepro2</Filter>
		</ClCompile >
		<ClInclude Include="..\..\Source\prepro2\prepro2Projectile.h">
			<Filter>Source\prepro2</Filter>
		</ClInclude >
		<ClCompile Include="..\..\Source\prepro2\XrayMode.cpp">
			<Filter>Source\prepro2</Filter>
		</ClCompile >
		<ClInclude Include="..\..\Source\prepro2\XrayMode.h">
			<Filter>Source\prepro2</Filter>
		</ClInclude >
	</ItemGroup>
</Project>
